{
  "name": "magic",
  "lockfileVersion": 2,
  "requires": true,
  "packages": {
    "": {
      "dependencies": {
        "@magic-ext/solana": "^3.0.0"
      }
    },
    "node_modules/@magic-ext/solana": {
      "version": "3.0.0",
      "resolved": "https://registry.npmjs.org/@magic-ext/solana/-/solana-3.0.0.tgz",
      "integrity": "sha512-pDukVfJMq0ZMlxplYFd9fPXi60OpGCgnBevVcxdM0tvoBQLPnn+LJKS7vx6eFaxufPPGkGUctCZOjUG9pj0KcA=="
    }
  },
  "dependencies": {
    "@magic-ext/solana": {
      "version": "3.0.0",
      "resolved": "https://registry.npmjs.org/@magic-ext/solana/-/solana-3.0.0.tgz",
      "integrity": "sha512-pDukVfJMq0ZMlxplYFd9fPXi60OpGCgnBevVcxdM0tvoBQLPnn+LJKS7vx6eFaxufPPGkGUctCZOjUG9pj0KcA=="
    }
  }
}
